// !$*UTF8*$!
{
	archiveVersion = 1;
	classes = {
	};
	objectVersion = 46;
	objects = {

/* Begin PBXBuildFile section */
		0CA2041B154AD774002BC703 /* Cocoa.framework in Frameworks */ = {isa = PBXBuildFile; fileRef = 0CA2041A154AD774002BC703 /* Cocoa.framework */; };
		0CA2041D154AD774002BC703 /* MacRuby.framework in Frameworks */ = {isa = PBXBuildFile; fileRef = 0CA2041C154AD774002BC703 /* MacRuby.framework */; };
		0CA20426154AD774002BC703 /* InfoPlist.strings in Resources */ = {isa = PBXBuildFile; fileRef = 0CA20424154AD774002BC703 /* InfoPlist.strings */; };
		0CA20428154AD774002BC703 /* main.m in Sources */ = {isa = PBXBuildFile; fileRef = 0CA20427154AD774002BC703 /* main.m */; };
		0CA2042D154AD774002BC703 /* MainMenu.xib in Resources */ = {isa = PBXBuildFile; fileRef = 0CA2042B154AD774002BC703 /* MainMenu.xib */; };
		0CA20430154AD774002BC703 /* rb_main.rb in Resources */ = {isa = PBXBuildFile; fileRef = 0CA2042F154AD774002BC703 /* rb_main.rb */; };
		0CA20432154AD774002BC703 /* AppDelegate.rb in Resources */ = {isa = PBXBuildFile; fileRef = 0CA20431154AD774002BC703 /* AppDelegate.rb */; };
/* End PBXBuildFile section */

/* Begin PBXContainerItemProxy section */
		0CA2041F154AD774002BC703 /* PBXContainerItemProxy */ = {
			isa = PBXContainerItemProxy;
			containerPortal = 0CA2040D154AD774002BC703 /* Project object */;
			proxyType = 1;
			remoteGlobalIDString = 0CA20415154AD774002BC703;
			remoteInfo = SignpostDemo;
		};
/* End PBXContainerItemProxy section */

/* Begin PBXFileReference section */
		0CA20416154AD774002BC703 /* SignpostDemo.app */ = {isa = PBXFileReference; explicitFileType = wrapper.application; includeInIndex = 0; path = SignpostDemo.app; sourceTree = BUILT_PRODUCTS_DIR; };
		0CA2041A154AD774002BC703 /* Cocoa.framework */ = {isa = PBXFileReference; lastKnownFileType = wrapper.framework; name = Cocoa.framework; path = System/Library/Frameworks/Cocoa.framework; sourceTree = SDKROOT; };
		0CA2041C154AD774002BC703 /* MacRuby.framework */ = {isa = PBXFileReference; lastKnownFileType = wrapper.framework; name = MacRuby.framework; path = Library/Frameworks/MacRuby.framework; sourceTree = DEVELOPER_DIR; };
		0CA20423154AD774002BC703 /* SignpostDemo-Info.plist */ = {isa = PBXFileReference; path = "SignpostDemo-Info.plist"; sourceTree = "<group>"; };
		0CA20425154AD774002BC703 /* en */ = {isa = PBXFileReference; lastKnownFileType = text.plist.strings; name = en; path = en.lproj/InfoPlist.strings; sourceTree = "<group>"; };
		0CA20427154AD774002BC703 /* main.m */ = {isa = PBXFileReference; lastKnownFileType = sourcecode.c.objc; path = main.m; sourceTree = "<group>"; };
		0CA20429154AD774002BC703 /* SignpostDemo-Prefix.pch */ = {isa = PBXFileReference; path = "SignpostDemo-Prefix.pch"; sourceTree = "<group>"; };
		0CA2042C154AD774002BC703 /* en */ = {isa = PBXFileReference; lastKnownFileType = file.xib; name = en; path = en.lproj/MainMenu.xib; sourceTree = "<group>"; };
		0CA2042F154AD774002BC703 /* rb_main.rb */ = {isa = PBXFileReference; lastKnownFileType = text.script.ruby; path = rb_main.rb; sourceTree = "<group>"; };
		0CA20431154AD774002BC703 /* AppDelegate.rb */ = {isa = PBXFileReference; lastKnownFileType = text.script.ruby; path = AppDelegate.rb; sourceTree = "<group>"; };
/* End PBXFileReference section */

/* Begin PBXFrameworksBuildPhase section */
		0CA20413154AD774002BC703 /* Frameworks */ = {
			isa = PBXFrameworksBuildPhase;
			buildActionMask = 2147483647;
			files = (
				0CA2041B154AD774002BC703 /* Cocoa.framework in Frameworks */,
				0CA2041D154AD774002BC703 /* MacRuby.framework in Frameworks */,
			);
			runOnlyForDeploymentPostprocessing = 0;
		};
/* End PBXFrameworksBuildPhase section */

/* Begin PBXGroup section */
		0CA2040B154AD774002BC703 = {
			isa = PBXGroup;
			children = (
				0CA20421154AD774002BC703 /* SignpostDemo */,
				0CA20419154AD774002BC703 /* Frameworks */,
				0CA20417154AD774002BC703 /* Products */,
			);
			sourceTree = "<group>";
		};
		0CA20417154AD774002BC703 /* Products */ = {
			isa = PBXGroup;
			children = (
				0CA20416154AD774002BC703 /* SignpostDemo.app */,
			);
			name = Products;
			sourceTree = "<group>";
		};
		0CA20419154AD774002BC703 /* Frameworks */ = {
			isa = PBXGroup;
			children = (
				0CA2041A154AD774002BC703 /* Cocoa.framework */,
				0CA2041C154AD774002BC703 /* MacRuby.framework */,
			);
			name = Frameworks;
			sourceTree = "<group>";
		};
		0CA20421154AD774002BC703 /* SignpostDemo */ = {
			isa = PBXGroup;
			children = (
				0CA20431154AD774002BC703 /* AppDelegate.rb */,
				0CA2042A154AD774002BC703 /* Resources */,
				0CA2042E154AD774002BC703 /* Other Sources */,
				0CA20422154AD774002BC703 /* Supporting Files */,
			);
			path = SignpostDemo;
			sourceTree = "<group>";
		};
		0CA20422154AD774002BC703 /* Supporting Files */ = {
			isa = PBXGroup;
			children = (
				0CA20423154AD774002BC703 /* SignpostDemo-Info.plist */,
				0CA20424154AD774002BC703 /* InfoPlist.strings */,
				0CA20427154AD774002BC703 /* main.m */,
				0CA20429154AD774002BC703 /* SignpostDemo-Prefix.pch */,
			);
			name = "Supporting Files";
			sourceTree = "<group>";
		};
		0CA2042A154AD774002BC703 /* Resources */ = {
			isa = PBXGroup;
			children = (
				0CA2042B154AD774002BC703 /* MainMenu.xib */,
			);
			name = Resources;
			sourceTree = "<group>";
		};
		0CA2042E154AD774002BC703 /* Other Sources */ = {
			isa = PBXGroup;
			children = (
				0CA2042F154AD774002BC703 /* rb_main.rb */,
			);
			name = "Other Sources";
			sourceTree = "<group>";
		};
/* End PBXGroup section */

/* Begin PBXLegacyTarget section */
		0CA2041E154AD774002BC703 /* Deployment */ = {
			isa = PBXLegacyTarget;
			buildArgumentsString = "--compile --embed";
			buildConfigurationList = 0CA20438154AD774002BC703 /* Build configuration list for PBXLegacyTarget "Deployment" */;
			buildPhases = (
			);
			buildToolPath = /usr/local/bin/macruby_deploy;
			dependencies = (
				0CA20420154AD774002BC703 /* PBXTargetDependency */,
			);
			name = Deployment;
			passBuildSettingsInEnvironment = 1;
			productName = Deployment;
		};
/* End PBXLegacyTarget section */

/* Begin PBXNativeTarget section */
		0CA20415154AD774002BC703 /* SignpostDemo */ = {
			isa = PBXNativeTarget;
			buildConfigurationList = 0CA20435154AD774002BC703 /* Build configuration list for PBXNativeTarget "SignpostDemo" */;
			buildPhases = (
				0CA20412154AD774002BC703 /* Sources */,
				0CA20413154AD774002BC703 /* Frameworks */,
				0CA20414154AD774002BC703 /* Resources */,
			);
			buildRules = (
			);
			dependencies = (
			);
			name = SignpostDemo;
			productName = SignpostDemo;
			productReference = 0CA20416154AD774002BC703 /* SignpostDemo.app */;
			productType = "com.apple.product-type.application";
		};
/* End PBXNativeTarget section */

/* Begin PBXProject section */
		0CA2040D154AD774002BC703 /* Project object */ = {
			isa = PBXProject;
			attributes = {
				LastUpgradeCheck = 0430;
				ORGANIZATIONNAME = Kle.io;
			};
			buildConfigurationList = 0CA20410154AD774002BC703 /* Build configuration list for PBXProject "SignpostDemo" */;
			compatibilityVersion = "Xcode 3.2";
			developmentRegion = English;
			hasScannedForEncodings = 0;
			knownRegions = (
				en,
			);
			mainGroup = 0CA2040B154AD774002BC703;
			productRefGroup = 0CA20417154AD774002BC703 /* Products */;
			projectDirPath = "";
			projectRoot = "";
			targets = (
				0CA20415154AD774002BC703 /* SignpostDemo */,
				0CA2041E154AD774002BC703 /* Deployment */,
			);
		};
/* End PBXProject section */

/* Begin PBXResourcesBuildPhase section */
		0CA20414154AD774002BC703 /* Resources */ = {
			isa = PBXResourcesBuildPhase;
			buildActionMask = 2147483647;
			files = (
				0CA20426154AD774002BC703 /* InfoPlist.strings in Resources */,
				0CA2042D154AD774002BC703 /* MainMenu.xib in Resources */,
				0CA20430154AD774002BC703 /* rb_main.rb in Resources */,
				0CA20432154AD774002BC703 /* AppDelegate.rb in Resources */,
			);
			runOnlyForDeploymentPostprocessing = 0;
		};
/* End PBXResourcesBuildPhase section */

/* Begin PBXSourcesBuildPhase section */
		0CA20412154AD774002BC703 /* Sources */ = {
			isa = PBXSourcesBuildPhase;
			buildActionMask = 2147483647;
			files = (
				0CA20428154AD774002BC703 /* main.m in Sources */,
			);
			runOnlyForDeploymentPostprocessing = 0;
		};
/* End PBXSourcesBuildPhase section */

/* Begin PBXTargetDependency section */
		0CA20420154AD774002BC703 /* PBXTargetDependency */ = {
			isa = PBXTargetDependency;
			target = 0CA20415154AD774002BC703 /* SignpostDemo */;
			targetProxy = 0CA2041F154AD774002BC703 /* PBXContainerItemProxy */;
		};
/* End PBXTargetDependency section */

/* Begin PBXVariantGroup section */
		0CA20424154AD774002BC703 /* InfoPlist.strings */ = {
			isa = PBXVariantGroup;
			children = (
				0CA20425154AD774002BC703 /* en */,
			);
			name = InfoPlist.strings;
			sourceTree = "<group>";
		};
		0CA2042B154AD774002BC703 /* MainMenu.xib */ = {
			isa = PBXVariantGroup;
			children = (
				0CA2042C154AD774002BC703 /* en */,
			);
			name = MainMenu.xib;
			sourceTree = "<group>";
		};
/* End PBXVariantGroup section */

/* Begin XCBuildConfiguration section */
		0CA20433154AD774002BC703 /* Debug */ = {
			isa = XCBuildConfiguration;
			buildSettings = {
				ALWAYS_SEARCH_USER_PATHS = NO;
				ARCHS = "$(ARCHS_STANDARD_64_BIT)";
				COPY_PHASE_STRIP = NO;
				GCC_C_LANGUAGE_STANDARD = gnu99;
				GCC_DYNAMIC_NO_PIC = NO;
				GCC_ENABLE_OBJC_EXCEPTIONS = YES;
				GCC_OPTIMIZATION_LEVEL = 0;
				GCC_PREPROCESSOR_DEFINITIONS = (
					"DEBUG=1",
					"$(inherited)",
				);
				GCC_SYMBOLS_PRIVATE_EXTERN = NO;
				GCC_VERSION = com.apple.compilers.llvm.clang.1_0;
				GCC_WARN_64_TO_32_BIT_CONVERSION = YES;
				GCC_WARN_ABOUT_RETURN_TYPE = YES;
				GCC_WARN_UNINITIALIZED_AUTOS = YES;
				GCC_WARN_UNUSED_VARIABLE = YES;
				MACOSX_DEPLOYMENT_TARGET = 10.7;
				ONLY_ACTIVE_ARCH = YES;
				SDKROOT = macosx;
			};
			name = Debug;
		};
		0CA20434154AD774002BC703 /* Release */ = {
			isa = XCBuildConfiguration;
			buildSettings = {
				ALWAYS_SEARCH_USER_PATHS = NO;
				ARCHS = "$(ARCHS_STANDARD_64_BIT)";
				COPY_PHASE_STRIP = YES;
				DEBUG_INFORMATION_FORMAT = "dwarf-with-dsym";
				GCC_C_LANGUAGE_STANDARD = gnu99;
				GCC_ENABLE_OBJC_EXCEPTIONS = YES;
				GCC_VERSION = com.apple.compilers.llvm.clang.1_0;
				GCC_WARN_64_TO_32_BIT_CONVERSION = YES;
				GCC_WARN_ABOUT_RETURN_TYPE = YES;
				GCC_WARN_UNINITIALIZED_AUTOS = YES;
				GCC_WARN_UNUSED_VARIABLE = YES;
				MACOSX_DEPLOYMENT_TARGET = 10.7;
				SDKROOT = macosx;
			};
			name = Release;
		};
		0CA20436154AD774002BC703 /* Debug */ = {
			isa = XCBuildConfiguration;
			buildSettings = {
				ARCHS = x86_64;
				FRAMEWORK_SEARCH_PATHS = (
					"$(inherited)",
					"\"$(SYSTEM_APPS_DIR)/Xcode.app/Contents/Developer/Library/Frameworks\"",
				);
				GCC_ENABLE_OBJC_GC = required;
				GCC_PRECOMPILE_PREFIX_HEADER = YES;
				GCC_PREFIX_HEADER = "SignpostDemo/SignpostDemo-Prefix.pch";
				INFOPLIST_FILE = "SignpostDemo/SignpostDemo-Info.plist";
				PRODUCT_NAME = "$(TARGET_NAME)";
				WRAPPER_EXTENSION = app;
			};
			name = Debug;
		};
		0CA20437154AD774002BC703 /* Release */ = {
			isa = XCBuildConfiguration;
			buildSettings = {
				ARCHS = x86_64;
				FRAMEWORK_SEARCH_PATHS = (
					"$(inherited)",
					"\"$(SYSTEM_APPS_DIR)/Xcode.app/Contents/Developer/Library/Frameworks\"",
				);
				GCC_ENABLE_OBJC_GC = required;
				GCC_PRECOMPILE_PREFIX_HEADER = YES;
				GCC_PREFIX_HEADER = "SignpostDemo/SignpostDemo-Prefix.pch";
				INFOPLIST_FILE = "SignpostDemo/SignpostDemo-Info.plist";
				PRODUCT_NAME = "$(TARGET_NAME)";
				WRAPPER_EXTENSION = app;
			};
			name = Release;
		};
		0CA20439154AD774002BC703 /* Debug */ = {
			isa = XCBuildConfiguration;
			buildSettings = {
			};
			name = Debug;
		};
		0CA2043A154AD774002BC703 /* Release */ = {
			isa = XCBuildConfiguration;
			buildSettings = {
			};
			name = Release;
		};
/* End XCBuildConfiguration section */

/* Begin XCConfigurationList section */
		0CA20410154AD774002BC703 /* Build configuration list for PBXProject "SignpostDemo" */ = {
			isa = XCConfigurationList;
			buildConfigurations = (
				0CA20433154AD774002BC703 /* Debug */,
				0CA20434154AD774002BC703 /* Release */,
			);
			defaultConfigurationIsVisible = 0;
			defaultConfigurationName = Release;
		};
		0CA20435154AD774002BC703 /* Build configuration list for PBXNativeTarget "SignpostDemo" */ = {
			isa = XCConfigurationList;
			buildConfigurations = (
				0CA20436154AD774002BC703 /* Debug */,
				0CA20437154AD774002BC703 /* Release */,
			);
			defaultConfigurationIsVisible = 0;
		};
		0CA20438154AD774002BC703 /* Build configuration list for PBXLegacyTarget "Deployment" */ = {
			isa = XCConfigurationList;
			buildConfigurations = (
				0CA20439154AD774002BC703 /* Debug */,
				0CA2043A154AD774002BC703 /* Release */,
			);
			defaultConfigurationIsVisible = 0;
		};
/* End XCConfigurationList section */
	};
	rootObject = 0CA2040D154AD774002BC703 /* Project object */;
}
