// !$*UTF8*$!
{
	archiveVersion = 1;
	classes = {
	};
	objectVersion = 46;
	objects = {

/* Begin PBXBuildFile section */
		0C4652D9155AB32B004A8398 /* UIKit.framework in Frameworks */ = {isa = PBXBuildFile; fileRef = 0C4652D8155AB32B004A8398 /* UIKit.framework */; };
		0C4652DB155AB32B004A8398 /* Foundation.framework in Frameworks */ = {isa = PBXBuildFile; fileRef = 0C4652DA155AB32B004A8398 /* Foundation.framework */; };
		0C4652DD155AB32B004A8398 /* CoreGraphics.framework in Frameworks */ = {isa = PBXBuildFile; fileRef = 0C4652DC155AB32B004A8398 /* CoreGraphics.framework */; };
		0C4652E3155AB32B004A8398 /* InfoPlist.strings in Resources */ = {isa = PBXBuildFile; fileRef = 0C4652E1155AB32B004A8398 /* InfoPlist.strings */; };
		0C4652E5155AB32B004A8398 /* main.m in Sources */ = {isa = PBXBuildFile; fileRef = 0C4652E4155AB32B004A8398 /* main.m */; };
		0C4652E9155AB32B004A8398 /* AppDelegate.m in Sources */ = {isa = PBXBuildFile; fileRef = 0C4652E8155AB32B004A8398 /* AppDelegate.m */; };
		0C4652EC155AB32B004A8398 /* ViewController.m in Sources */ = {isa = PBXBuildFile; fileRef = 0C4652EB155AB32B004A8398 /* ViewController.m */; };
		0C4652EF155AB32B004A8398 /* ViewController.xib in Resources */ = {isa = PBXBuildFile; fileRef = 0C4652ED155AB32B004A8398 /* ViewController.xib */; };
		0C465308155AB946004A8398 /* Security.framework in Frameworks */ = {isa = PBXBuildFile; fileRef = 0C465307155AB946004A8398 /* Security.framework */; };
		0C465318155AB9FA004A8398 /* CFNetwork.framework in Frameworks */ = {isa = PBXBuildFile; fileRef = 0C465317155AB9FA004A8398 /* CFNetwork.framework */; };
		0CB0858F155D6AC700986CF7 /* Meter.m in Sources */ = {isa = PBXBuildFile; fileRef = 0CB0858E155D6AC700986CF7 /* Meter.m */; };
		0CB977221562962300512752 /* QuartzCore.framework in Frameworks */ = {isa = PBXBuildFile; fileRef = 0CB977211562962300512752 /* QuartzCore.framework */; };
		0CBC9B5D1563D74F00F5AA0E /* SignpostDemoiPhone.png in Resources */ = {isa = PBXBuildFile; fileRef = 0CBC9B5C1563D74F00F5AA0E /* SignpostDemoiPhone.png */; };
		0CBC9B601563DC1300F5AA0E /* needle.png in Resources */ = {isa = PBXBuildFile; fileRef = 0CBC9B5F1563DC1300F5AA0E /* needle.png */; };
		0CBC9B621563FA6E00F5AA0E /* ConnectDialog.png in Resources */ = {isa = PBXBuildFile; fileRef = 0CBC9B611563FA6E00F5AA0E /* ConnectDialog.png */; };
		0CBC9B65156402A200F5AA0E /* LatencyGoodputView.m in Sources */ = {isa = PBXBuildFile; fileRef = 0CBC9B64156402A200F5AA0E /* LatencyGoodputView.m */; };
		0CBC9B691564031D00F5AA0E /* CircleView.m in Sources */ = {isa = PBXBuildFile; fileRef = 0CBC9B681564031D00F5AA0E /* CircleView.m */; };
		0CF5E73C15669EEC00C6803F /* GCDAsyncSocket.m in Sources */ = {isa = PBXBuildFile; fileRef = 0CF5E73915669EEC00C6803F /* GCDAsyncSocket.m */; };
		0CF5E73D15669EEC00C6803F /* GCDAsyncUdpSocket.m in Sources */ = {isa = PBXBuildFile; fileRef = 0CF5E73B15669EEC00C6803F /* GCDAsyncUdpSocket.m */; };
		0CF5E74015669F3200C6803F /* SharedCode.m in Sources */ = {isa = PBXBuildFile; fileRef = 0CF5E73F15669F3200C6803F /* SharedCode.m */; };
		0CF5E75115669F7E00C6803F /* SocketHandler.m in Sources */ = {isa = PBXBuildFile; fileRef = 0CF5E75015669F7E00C6803F /* SocketHandler.m */; };
		0CF5E7531566B41C00C6803F /* cross.png in Resources */ = {isa = PBXBuildFile; fileRef = 0CF5E7521566B41C00C6803F /* cross.png */; };
		0CFAFFF815664FA0008CEE28 /* icon.png in Resources */ = {isa = PBXBuildFile; fileRef = 0CFAFFF715664FA0008CEE28 /* icon.png */; };
/* End PBXBuildFile section */

/* Begin PBXFileReference section */
		0C4652D4155AB32B004A8398 /* SignpostDemoiPhone.app */ = {isa = PBXFileReference; explicitFileType = wrapper.application; includeInIndex = 0; path = SignpostDemoiPhone.app; sourceTree = BUILT_PRODUCTS_DIR; };
		0C4652D8155AB32B004A8398 /* UIKit.framework */ = {isa = PBXFileReference; lastKnownFileType = wrapper.framework; name = UIKit.framework; path = System/Library/Frameworks/UIKit.framework; sourceTree = SDKROOT; };
		0C4652DA155AB32B004A8398 /* Foundation.framework */ = {isa = PBXFileReference; lastKnownFileType = wrapper.framework; name = Foundation.framework; path = System/Library/Frameworks/Foundation.framework; sourceTree = SDKROOT; };
		0C4652DC155AB32B004A8398 /* CoreGraphics.framework */ = {isa = PBXFileReference; lastKnownFileType = wrapper.framework; name = CoreGraphics.framework; path = System/Library/Frameworks/CoreGraphics.framework; sourceTree = SDKROOT; };
		0C4652E0155AB32B004A8398 /* SignpostDemoiPhone-Info.plist */ = {isa = PBXFileReference; lastKnownFileType = text.plist.xml; path = "SignpostDemoiPhone-Info.plist"; sourceTree = "<group>"; };
		0C4652E2155AB32B004A8398 /* en */ = {isa = PBXFileReference; lastKnownFileType = text.plist.strings; name = en; path = en.lproj/InfoPlist.strings; sourceTree = "<group>"; };
		0C4652E4155AB32B004A8398 /* main.m */ = {isa = PBXFileReference; lastKnownFileType = sourcecode.c.objc; path = main.m; sourceTree = "<group>"; };
		0C4652E6155AB32B004A8398 /* SignpostDemoiPhone-Prefix.pch */ = {isa = PBXFileReference; lastKnownFileType = sourcecode.c.h; path = "SignpostDemoiPhone-Prefix.pch"; sourceTree = "<group>"; };
		0C4652E7155AB32B004A8398 /* AppDelegate.h */ = {isa = PBXFileReference; lastKnownFileType = sourcecode.c.h; path = AppDelegate.h; sourceTree = "<group>"; };
		0C4652E8155AB32B004A8398 /* AppDelegate.m */ = {isa = PBXFileReference; lastKnownFileType = sourcecode.c.objc; path = AppDelegate.m; sourceTree = "<group>"; };
		0C4652EA155AB32B004A8398 /* ViewController.h */ = {isa = PBXFileReference; lastKnownFileType = sourcecode.c.h; path = ViewController.h; sourceTree = "<group>"; };
		0C4652EB155AB32B004A8398 /* ViewController.m */ = {isa = PBXFileReference; lastKnownFileType = sourcecode.c.objc; path = ViewController.m; sourceTree = "<group>"; };
		0C4652EE155AB32B004A8398 /* en */ = {isa = PBXFileReference; lastKnownFileType = file.xib; name = en; path = en.lproj/ViewController.xib; sourceTree = "<group>"; };
		0C465307155AB946004A8398 /* Security.framework */ = {isa = PBXFileReference; lastKnownFileType = wrapper.framework; name = Security.framework; path = System/Library/Frameworks/Security.framework; sourceTree = SDKROOT; };
		0C465317155AB9FA004A8398 /* CFNetwork.framework */ = {isa = PBXFileReference; lastKnownFileType = wrapper.framework; name = CFNetwork.framework; path = System/Library/Frameworks/CFNetwork.framework; sourceTree = SDKROOT; };
		0CB0858D155D6AC700986CF7 /* Meter.h */ = {isa = PBXFileReference; fileEncoding = 4; lastKnownFileType = sourcecode.c.h; path = Meter.h; sourceTree = "<group>"; };
		0CB0858E155D6AC700986CF7 /* Meter.m */ = {isa = PBXFileReference; fileEncoding = 4; lastKnownFileType = sourcecode.c.objc; path = Meter.m; sourceTree = "<group>"; };
		0CB977211562962300512752 /* QuartzCore.framework */ = {isa = PBXFileReference; lastKnownFileType = wrapper.framework; name = QuartzCore.framework; path = System/Library/Frameworks/QuartzCore.framework; sourceTree = SDKROOT; };
		0CBC9B5C1563D74F00F5AA0E /* SignpostDemoiPhone.png */ = {isa = PBXFileReference; lastKnownFileType = image.png; path = SignpostDemoiPhone.png; sourceTree = "<group>"; };
		0CBC9B5F1563DC1300F5AA0E /* needle.png */ = {isa = PBXFileReference; lastKnownFileType = image.png; path = needle.png; sourceTree = "<group>"; };
		0CBC9B611563FA6E00F5AA0E /* ConnectDialog.png */ = {isa = PBXFileReference; lastKnownFileType = image.png; path = ConnectDialog.png; sourceTree = "<group>"; };
		0CBC9B63156402A200F5AA0E /* LatencyGoodputView.h */ = {isa = PBXFileReference; fileEncoding = 4; lastKnownFileType = sourcecode.c.h; path = LatencyGoodputView.h; sourceTree = "<group>"; };
		0CBC9B64156402A200F5AA0E /* LatencyGoodputView.m */ = {isa = PBXFileReference; fileEncoding = 4; lastKnownFileType = sourcecode.c.objc; path = LatencyGoodputView.m; sourceTree = "<group>"; };
		0CBC9B671564031D00F5AA0E /* CircleView.h */ = {isa = PBXFileReference; fileEncoding = 4; lastKnownFileType = sourcecode.c.h; path = CircleView.h; sourceTree = "<group>"; };
		0CBC9B681564031D00F5AA0E /* CircleView.m */ = {isa = PBXFileReference; fileEncoding = 4; lastKnownFileType = sourcecode.c.objc; path = CircleView.m; sourceTree = "<group>"; };
		0CF5E73815669EEC00C6803F /* GCDAsyncSocket.h */ = {isa = PBXFileReference; fileEncoding = 4; lastKnownFileType = sourcecode.c.h; path = GCDAsyncSocket.h; sourceTree = "<group>"; };
		0CF5E73915669EEC00C6803F /* GCDAsyncSocket.m */ = {isa = PBXFileReference; fileEncoding = 4; lastKnownFileType = sourcecode.c.objc; path = GCDAsyncSocket.m; sourceTree = "<group>"; };
		0CF5E73A15669EEC00C6803F /* GCDAsyncUdpSocket.h */ = {isa = PBXFileReference; fileEncoding = 4; lastKnownFileType = sourcecode.c.h; path = GCDAsyncUdpSocket.h; sourceTree = "<group>"; };
		0CF5E73B15669EEC00C6803F /* GCDAsyncUdpSocket.m */ = {isa = PBXFileReference; fileEncoding = 4; lastKnownFileType = sourcecode.c.objc; path = GCDAsyncUdpSocket.m; sourceTree = "<group>"; };
		0CF5E73E15669F3200C6803F /* SharedCode.h */ = {isa = PBXFileReference; fileEncoding = 4; lastKnownFileType = sourcecode.c.h; name = SharedCode.h; path = ../../SharedCode/SharedCode.h; sourceTree = "<group>"; };
		0CF5E73F15669F3200C6803F /* SharedCode.m */ = {isa = PBXFileReference; fileEncoding = 4; lastKnownFileType = sourcecode.c.objc; name = SharedCode.m; path = ../../SharedCode/SharedCode.m; sourceTree = "<group>"; };
		0CF5E74F15669F7E00C6803F /* SocketHandler.h */ = {isa = PBXFileReference; fileEncoding = 4; lastKnownFileType = sourcecode.c.h; name = SocketHandler.h; path = ../../SharedCode/SocketHandler.h; sourceTree = "<group>"; };
		0CF5E75015669F7E00C6803F /* SocketHandler.m */ = {isa = PBXFileReference; fileEncoding = 4; lastKnownFileType = sourcecode.c.objc; name = SocketHandler.m; path = ../../SharedCode/SocketHandler.m; sourceTree = "<group>"; };
		0CF5E7521566B41C00C6803F /* cross.png */ = {isa = PBXFileReference; lastKnownFileType = image.png; path = cross.png; sourceTree = "<group>"; };
		0CFAFFED1566490B008CEE28 /* AudioToolbox.framework */ = {isa = PBXFileReference; lastKnownFileType = wrapper.framework; name = AudioToolbox.framework; path = System/Library/Frameworks/AudioToolbox.framework; sourceTree = SDKROOT; };
		0CFAFFF715664FA0008CEE28 /* icon.png */ = {isa = PBXFileReference; lastKnownFileType = image.png; name = icon.png; path = ../icon.png; sourceTree = "<group>"; };
/* End PBXFileReference section */

/* Begin PBXFrameworksBuildPhase section */
		0C4652D1155AB32B004A8398 /* Frameworks */ = {
			isa = PBXFrameworksBuildPhase;
			buildActionMask = 2147483647;
			files = (
				0CB977221562962300512752 /* QuartzCore.framework in Frameworks */,
				0C465318155AB9FA004A8398 /* CFNetwork.framework in Frameworks */,
				0C465308155AB946004A8398 /* Security.framework in Frameworks */,
				0C4652D9155AB32B004A8398 /* UIKit.framework in Frameworks */,
				0C4652DB155AB32B004A8398 /* Foundation.framework in Frameworks */,
				0C4652DD155AB32B004A8398 /* CoreGraphics.framework in Frameworks */,
			);
			runOnlyForDeploymentPostprocessing = 0;
		};
/* End PBXFrameworksBuildPhase section */

/* Begin PBXGroup section */
		0C4652C9155AB32B004A8398 = {
			isa = PBXGroup;
			children = (
				0C4652DE155AB32B004A8398 /* SignpostDemoiPhone */,
				0CFA006815669AE9008CEE28 /* Vendor */,
				0C4652D7155AB32B004A8398 /* Frameworks */,
				0C4652D5155AB32B004A8398 /* Products */,
			);
			sourceTree = "<group>";
		};
		0C4652D5155AB32B004A8398 /* Products */ = {
			isa = PBXGroup;
			children = (
				0C4652D4155AB32B004A8398 /* SignpostDemoiPhone.app */,
			);
			name = Products;
			sourceTree = "<group>";
		};
		0C4652D7155AB32B004A8398 /* Frameworks */ = {
			isa = PBXGroup;
			children = (
				0CFAFFED1566490B008CEE28 /* AudioToolbox.framework */,
				0CB977211562962300512752 /* QuartzCore.framework */,
				0C465317155AB9FA004A8398 /* CFNetwork.framework */,
				0C465307155AB946004A8398 /* Security.framework */,
				0C4652D8155AB32B004A8398 /* UIKit.framework */,
				0C4652DA155AB32B004A8398 /* Foundation.framework */,
				0C4652DC155AB32B004A8398 /* CoreGraphics.framework */,
			);
			name = Frameworks;
			sourceTree = "<group>";
		};
		0C4652DE155AB32B004A8398 /* SignpostDemoiPhone */ = {
			isa = PBXGroup;
			children = (
				0CBC9B66156402A800F5AA0E /* LatencyGoodput */,
				0CB0858B155D6AAC00986CF7 /* Meter */,
				0CF5E73E15669F3200C6803F /* SharedCode.h */,
				0CF5E73F15669F3200C6803F /* SharedCode.m */,
				0CF5E74F15669F7E00C6803F /* SocketHandler.h */,
				0CF5E75015669F7E00C6803F /* SocketHandler.m */,
				0C4652E7155AB32B004A8398 /* AppDelegate.h */,
				0C4652E8155AB32B004A8398 /* AppDelegate.m */,
				0C4652EA155AB32B004A8398 /* ViewController.h */,
				0C4652EB155AB32B004A8398 /* ViewController.m */,
				0C4652ED155AB32B004A8398 /* ViewController.xib */,
				0C4652DF155AB32B004A8398 /* Supporting Files */,
			);
			path = SignpostDemoiPhone;
			sourceTree = "<group>";
		};
		0C4652DF155AB32B004A8398 /* Supporting Files */ = {
			isa = PBXGroup;
			children = (
				0CF5E7521566B41C00C6803F /* cross.png */,
				0CFAFFF715664FA0008CEE28 /* icon.png */,
				0CBC9B611563FA6E00F5AA0E /* ConnectDialog.png */,
				0CBC9B5F1563DC1300F5AA0E /* needle.png */,
				0CBC9B5C1563D74F00F5AA0E /* SignpostDemoiPhone.png */,
				0C4652E0155AB32B004A8398 /* SignpostDemoiPhone-Info.plist */,
				0C4652E1155AB32B004A8398 /* InfoPlist.strings */,
				0C4652E4155AB32B004A8398 /* main.m */,
				0C4652E6155AB32B004A8398 /* SignpostDemoiPhone-Prefix.pch */,
			);
			name = "Supporting Files";
			sourceTree = "<group>";
		};
		0CB0858B155D6AAC00986CF7 /* Meter */ = {
			isa = PBXGroup;
			children = (
				0CB0858D155D6AC700986CF7 /* Meter.h */,
				0CB0858E155D6AC700986CF7 /* Meter.m */,
			);
			name = Meter;
			sourceTree = "<group>";
		};
		0CBC9B66156402A800F5AA0E /* LatencyGoodput */ = {
			isa = PBXGroup;
			children = (
				0CBC9B63156402A200F5AA0E /* LatencyGoodputView.h */,
				0CBC9B64156402A200F5AA0E /* LatencyGoodputView.m */,
				0CBC9B671564031D00F5AA0E /* CircleView.h */,
				0CBC9B681564031D00F5AA0E /* CircleView.m */,
			);
			name = LatencyGoodput;
			sourceTree = "<group>";
		};
		0CF5E73715669EEC00C6803F /* CocoaAsyncSocket */ = {
			isa = PBXGroup;
			children = (
				0CF5E73815669EEC00C6803F /* GCDAsyncSocket.h */,
				0CF5E73915669EEC00C6803F /* GCDAsyncSocket.m */,
				0CF5E73A15669EEC00C6803F /* GCDAsyncUdpSocket.h */,
				0CF5E73B15669EEC00C6803F /* GCDAsyncUdpSocket.m */,
			);
			name = CocoaAsyncSocket;
			path = ../Vendor/CocoaAsyncSocket;
			sourceTree = "<group>";
		};
		0CFA006815669AE9008CEE28 /* Vendor */ = {
			isa = PBXGroup;
			children = (
				0CF5E73715669EEC00C6803F /* CocoaAsyncSocket */,
			);
			name = Vendor;
			sourceTree = "<group>";
		};
/* End PBXGroup section */

/* Begin PBXNativeTarget section */
		0C4652D3155AB32B004A8398 /* SignpostDemoiPhone */ = {
			isa = PBXNativeTarget;
			buildConfigurationList = 0C4652F2155AB32B004A8398 /* Build configuration list for PBXNativeTarget "SignpostDemoiPhone" */;
			buildPhases = (
				0C4652D0155AB32B004A8398 /* Sources */,
				0C4652D1155AB32B004A8398 /* Frameworks */,
				0C4652D2155AB32B004A8398 /* Resources */,
			);
			buildRules = (
			);
			dependencies = (
			);
			name = SignpostDemoiPhone;
			productName = SignpostDemoiPhone;
			productReference = 0C4652D4155AB32B004A8398 /* SignpostDemoiPhone.app */;
			productType = "com.apple.product-type.application";
		};
/* End PBXNativeTarget section */

/* Begin PBXProject section */
		0C4652CB155AB32B004A8398 /* Project object */ = {
			isa = PBXProject;
			attributes = {
				LastUpgradeCheck = 0430;
				ORGANIZATIONNAME = Kle.io;
			};
			buildConfigurationList = 0C4652CE155AB32B004A8398 /* Build configuration list for PBXProject "SignpostDemoiPhone" */;
			compatibilityVersion = "Xcode 3.2";
			developmentRegion = English;
			hasScannedForEncodings = 0;
			knownRegions = (
				en,
			);
			mainGroup = 0C4652C9155AB32B004A8398;
			productRefGroup = 0C4652D5155AB32B004A8398 /* Products */;
			projectDirPath = "";
			projectRoot = "";
			targets = (
				0C4652D3155AB32B004A8398 /* SignpostDemoiPhone */,
			);
		};
/* End PBXProject section */

/* Begin PBXResourcesBuildPhase section */
		0C4652D2155AB32B004A8398 /* Resources */ = {
			isa = PBXResourcesBuildPhase;
			buildActionMask = 2147483647;
			files = (
				0C4652E3155AB32B004A8398 /* InfoPlist.strings in Resources */,
				0C4652EF155AB32B004A8398 /* ViewController.xib in Resources */,
				0CBC9B5D1563D74F00F5AA0E /* SignpostDemoiPhone.png in Resources */,
				0CBC9B601563DC1300F5AA0E /* needle.png in Resources */,
				0CBC9B621563FA6E00F5AA0E /* ConnectDialog.png in Resources */,
				0CFAFFF815664FA0008CEE28 /* icon.png in Resources */,
				0CF5E7531566B41C00C6803F /* cross.png in Resources */,
			);
			runOnlyForDeploymentPostprocessing = 0;
		};
/* End PBXResourcesBuildPhase section */

/* Begin PBXSourcesBuildPhase section */
		0C4652D0155AB32B004A8398 /* Sources */ = {
			isa = PBXSourcesBuildPhase;
			buildActionMask = 2147483647;
			files = (
				0C4652E5155AB32B004A8398 /* main.m in Sources */,
				0C4652E9155AB32B004A8398 /* AppDelegate.m in Sources */,
				0C4652EC155AB32B004A8398 /* ViewController.m in Sources */,
				0CB0858F155D6AC700986CF7 /* Meter.m in Sources */,
				0CBC9B65156402A200F5AA0E /* LatencyGoodputView.m in Sources */,
				0CBC9B691564031D00F5AA0E /* CircleView.m in Sources */,
				0CF5E73C15669EEC00C6803F /* GCDAsyncSocket.m in Sources */,
				0CF5E73D15669EEC00C6803F /* GCDAsyncUdpSocket.m in Sources */,
				0CF5E74015669F3200C6803F /* SharedCode.m in Sources */,
				0CF5E75115669F7E00C6803F /* SocketHandler.m in Sources */,
			);
			runOnlyForDeploymentPostprocessing = 0;
		};
/* End PBXSourcesBuildPhase section */

/* Begin PBXVariantGroup section */
		0C4652E1155AB32B004A8398 /* InfoPlist.strings */ = {
			isa = PBXVariantGroup;
			children = (
				0C4652E2155AB32B004A8398 /* en */,
			);
			name = InfoPlist.strings;
			sourceTree = "<group>";
		};
		0C4652ED155AB32B004A8398 /* ViewController.xib */ = {
			isa = PBXVariantGroup;
			children = (
				0C4652EE155AB32B004A8398 /* en */,
			);
			name = ViewController.xib;
			sourceTree = "<group>";
		};
/* End PBXVariantGroup section */

/* Begin XCBuildConfiguration section */
		0C4652F0155AB32B004A8398 /* Debug */ = {
			isa = XCBuildConfiguration;
			buildSettings = {
				ALWAYS_SEARCH_USER_PATHS = NO;
				ARCHS = "$(ARCHS_STANDARD_32_BIT)";
				CLANG_ENABLE_OBJC_ARC = YES;
				"CODE_SIGN_IDENTITY[sdk=iphoneos*]" = "iPhone Developer";
				COPY_PHASE_STRIP = NO;
				GCC_C_LANGUAGE_STANDARD = gnu99;
				GCC_DYNAMIC_NO_PIC = NO;
				GCC_OPTIMIZATION_LEVEL = 0;
				GCC_PREPROCESSOR_DEFINITIONS = (
					"DEBUG=1",
					"$(inherited)",
				);
				GCC_SYMBOLS_PRIVATE_EXTERN = NO;
				GCC_VERSION = com.apple.compilers.llvm.clang.1_0;
				GCC_WARN_ABOUT_RETURN_TYPE = YES;
				GCC_WARN_UNINITIALIZED_AUTOS = YES;
				GCC_WARN_UNUSED_VARIABLE = YES;
				IPHONEOS_DEPLOYMENT_TARGET = 5.1;
				SDKROOT = iphoneos;
			};
			name = Debug;
		};
		0C4652F1155AB32B004A8398 /* Release */ = {
			isa = XCBuildConfiguration;
			buildSettings = {
				ALWAYS_SEARCH_USER_PATHS = NO;
				ARCHS = "$(ARCHS_STANDARD_32_BIT)";
				CLANG_ENABLE_OBJC_ARC = YES;
				"CODE_SIGN_IDENTITY[sdk=iphoneos*]" = "iPhone Developer";
				COPY_PHASE_STRIP = YES;
				GCC_C_LANGUAGE_STANDARD = gnu99;
				GCC_VERSION = com.apple.compilers.llvm.clang.1_0;
				GCC_WARN_ABOUT_RETURN_TYPE = YES;
				GCC_WARN_UNINITIALIZED_AUTOS = YES;
				GCC_WARN_UNUSED_VARIABLE = YES;
				IPHONEOS_DEPLOYMENT_TARGET = 5.1;
				OTHER_CFLAGS = "-DNS_BLOCK_ASSERTIONS=1";
				SDKROOT = iphoneos;
				VALIDATE_PRODUCT = YES;
			};
			name = Release;
		};
		0C4652F3155AB32B004A8398 /* Debug */ = {
			isa = XCBuildConfiguration;
			buildSettings = {
				GCC_PRECOMPILE_PREFIX_HEADER = YES;
				GCC_PREFIX_HEADER = "SignpostDemoiPhone/SignpostDemoiPhone-Prefix.pch";
				INFOPLIST_FILE = "SignpostDemoiPhone/SignpostDemoiPhone-Info.plist";
				PRODUCT_NAME = "$(TARGET_NAME)";
				WRAPPER_EXTENSION = app;
			};
			name = Debug;
		};
		0C4652F4155AB32B004A8398 /* Release */ = {
			isa = XCBuildConfiguration;
			buildSettings = {
				GCC_PRECOMPILE_PREFIX_HEADER = YES;
				GCC_PREFIX_HEADER = "SignpostDemoiPhone/SignpostDemoiPhone-Prefix.pch";
				INFOPLIST_FILE = "SignpostDemoiPhone/SignpostDemoiPhone-Info.plist";
				PRODUCT_NAME = "$(TARGET_NAME)";
				WRAPPER_EXTENSION = app;
			};
			name = Release;
		};
/* End XCBuildConfiguration section */

/* Begin XCConfigurationList section */
		0C4652CE155AB32B004A8398 /* Build configuration list for PBXProject "SignpostDemoiPhone" */ = {
			isa = XCConfigurationList;
			buildConfigurations = (
				0C4652F0155AB32B004A8398 /* Debug */,
				0C4652F1155AB32B004A8398 /* Release */,
			);
			defaultConfigurationIsVisible = 0;
			defaultConfigurationName = Release;
		};
		0C4652F2155AB32B004A8398 /* Build configuration list for PBXNativeTarget "SignpostDemoiPhone" */ = {
			isa = XCConfigurationList;
			buildConfigurations = (
				0C4652F3155AB32B004A8398 /* Debug */,
				0C4652F4155AB32B004A8398 /* Release */,
			);
			defaultConfigurationIsVisible = 0;
			defaultConfigurationName = Release;
		};
/* End XCConfigurationList section */
	};
	rootObject = 0C4652CB155AB32B004A8398 /* Project object */;
}
