// !$*UTF8*$!
{
	archiveVersion = 1;
	classes = {
	};
	objectVersion = 46;
	objects = {

/* Begin PBXBuildFile section */
		0C2504751564FE34009647F4 /* ClientData.m in Sources */ = {isa = PBXBuildFile; fileRef = 0C2504741564FE34009647F4 /* ClientData.m */; };
		0C3E39481557E6AD00BA33C3 /* Cocoa.framework in Frameworks */ = {isa = PBXBuildFile; fileRef = 0C3E39471557E6AD00BA33C3 /* Cocoa.framework */; };
		0C3E39521557E6AD00BA33C3 /* InfoPlist.strings in Resources */ = {isa = PBXBuildFile; fileRef = 0C3E39501557E6AD00BA33C3 /* InfoPlist.strings */; };
		0C3E39541557E6AD00BA33C3 /* main.m in Sources */ = {isa = PBXBuildFile; fileRef = 0C3E39531557E6AD00BA33C3 /* main.m */; };
		0C3E39581557E6AD00BA33C3 /* Credits.rtf in Resources */ = {isa = PBXBuildFile; fileRef = 0C3E39561557E6AD00BA33C3 /* Credits.rtf */; };
		0C3E39871557E6F200BA33C3 /* SignpostDemoServerAppDelegate.m in Sources */ = {isa = PBXBuildFile; fileRef = 0C3E39861557E6F200BA33C3 /* SignpostDemoServerAppDelegate.m */; };
		0C3E398D1557E72E00BA33C3 /* Security.framework in Frameworks */ = {isa = PBXBuildFile; fileRef = 0C3E398C1557E72E00BA33C3 /* Security.framework */; };
		0C3E39901557E80B00BA33C3 /* MainMenu.xib in Resources */ = {isa = PBXBuildFile; fileRef = 0C3E398E1557E80B00BA33C3 /* MainMenu.xib */; };
		0CF5E74415669F4800C6803F /* SharedCode.m in Sources */ = {isa = PBXBuildFile; fileRef = 0CF5E74315669F4800C6803F /* SharedCode.m */; };
		0CF5E74715669F5200C6803F /* ServerSocketHandler.m in Sources */ = {isa = PBXBuildFile; fileRef = 0CF5E74615669F5200C6803F /* ServerSocketHandler.m */; };
		0CFA004315669A46008CEE28 /* GCDAsyncSocket.m in Sources */ = {isa = PBXBuildFile; fileRef = 0CFA000415669A46008CEE28 /* GCDAsyncSocket.m */; };
		0CFA004415669A46008CEE28 /* GCDAsyncUdpSocket.m in Sources */ = {isa = PBXBuildFile; fileRef = 0CFA000615669A46008CEE28 /* GCDAsyncUdpSocket.m */; };
		0CFA004515669A46008CEE28 /* DDData.m in Sources */ = {isa = PBXBuildFile; fileRef = 0CFA000A15669A46008CEE28 /* DDData.m */; };
		0CFA004615669A46008CEE28 /* DDNumber.m in Sources */ = {isa = PBXBuildFile; fileRef = 0CFA000C15669A46008CEE28 /* DDNumber.m */; };
		0CFA004715669A46008CEE28 /* DDRange.m in Sources */ = {isa = PBXBuildFile; fileRef = 0CFA000E15669A46008CEE28 /* DDRange.m */; };
		0CFA004815669A46008CEE28 /* HTTPAuthenticationRequest.m in Sources */ = {isa = PBXBuildFile; fileRef = 0CFA001015669A46008CEE28 /* HTTPAuthenticationRequest.m */; };
		0CFA004915669A46008CEE28 /* HTTPConnection.m in Sources */ = {isa = PBXBuildFile; fileRef = 0CFA001215669A46008CEE28 /* HTTPConnection.m */; };
		0CFA004A15669A46008CEE28 /* HTTPMessage.m in Sources */ = {isa = PBXBuildFile; fileRef = 0CFA001515669A46008CEE28 /* HTTPMessage.m */; };
		0CFA004B15669A46008CEE28 /* HTTPServer.m in Sources */ = {isa = PBXBuildFile; fileRef = 0CFA001815669A46008CEE28 /* HTTPServer.m */; };
		0CFA004C15669A46008CEE28 /* MultipartFormDataParser.m in Sources */ = {isa = PBXBuildFile; fileRef = 0CFA001B15669A46008CEE28 /* MultipartFormDataParser.m */; };
		0CFA004D15669A46008CEE28 /* MultipartMessageHeader.m in Sources */ = {isa = PBXBuildFile; fileRef = 0CFA001D15669A46008CEE28 /* MultipartMessageHeader.m */; };
		0CFA004E15669A46008CEE28 /* MultipartMessageHeaderField.m in Sources */ = {isa = PBXBuildFile; fileRef = 0CFA001F15669A46008CEE28 /* MultipartMessageHeaderField.m */; };
		0CFA004F15669A46008CEE28 /* NetworkData.m in Sources */ = {isa = PBXBuildFile; fileRef = 0CFA002115669A46008CEE28 /* NetworkData.m */; };
		0CFA005015669A46008CEE28 /* PacketHelper.m in Sources */ = {isa = PBXBuildFile; fileRef = 0CFA002315669A46008CEE28 /* PacketHelper.m */; };
		0CFA005115669A46008CEE28 /* HTTPAsyncFileResponse.m in Sources */ = {isa = PBXBuildFile; fileRef = 0CFA002615669A46008CEE28 /* HTTPAsyncFileResponse.m */; };
		0CFA005215669A46008CEE28 /* HTTPDataResponse.m in Sources */ = {isa = PBXBuildFile; fileRef = 0CFA002815669A46008CEE28 /* HTTPDataResponse.m */; };
		0CFA005315669A46008CEE28 /* HTTPDynamicFileResponse.m in Sources */ = {isa = PBXBuildFile; fileRef = 0CFA002A15669A46008CEE28 /* HTTPDynamicFileResponse.m */; };
		0CFA005415669A46008CEE28 /* HTTPFileResponse.m in Sources */ = {isa = PBXBuildFile; fileRef = 0CFA002C15669A46008CEE28 /* HTTPFileResponse.m */; };
		0CFA005515669A46008CEE28 /* HTTPRedirectResponse.m in Sources */ = {isa = PBXBuildFile; fileRef = 0CFA002E15669A46008CEE28 /* HTTPRedirectResponse.m */; };
		0CFA005615669A46008CEE28 /* WebSocket.m in Sources */ = {isa = PBXBuildFile; fileRef = 0CFA003015669A46008CEE28 /* WebSocket.m */; };
		0CFA005715669A46008CEE28 /* About.txt in Resources */ = {isa = PBXBuildFile; fileRef = 0CFA003215669A46008CEE28 /* About.txt */; };
		0CFA005815669A46008CEE28 /* DDAbstractDatabaseLogger.m in Sources */ = {isa = PBXBuildFile; fileRef = 0CFA003415669A46008CEE28 /* DDAbstractDatabaseLogger.m */; };
		0CFA005915669A46008CEE28 /* DDASLLogger.m in Sources */ = {isa = PBXBuildFile; fileRef = 0CFA003615669A46008CEE28 /* DDASLLogger.m */; };
		0CFA005A15669A46008CEE28 /* DDFileLogger.m in Sources */ = {isa = PBXBuildFile; fileRef = 0CFA003815669A46008CEE28 /* DDFileLogger.m */; };
		0CFA005B15669A46008CEE28 /* DDLog.m in Sources */ = {isa = PBXBuildFile; fileRef = 0CFA003A15669A46008CEE28 /* DDLog.m */; };
		0CFA005C15669A46008CEE28 /* DDTTYLogger.m in Sources */ = {isa = PBXBuildFile; fileRef = 0CFA003C15669A46008CEE28 /* DDTTYLogger.m */; };
		0CFA005D15669A46008CEE28 /* ContextFilterLogFormatter.m in Sources */ = {isa = PBXBuildFile; fileRef = 0CFA003F15669A46008CEE28 /* ContextFilterLogFormatter.m */; };
		0CFA005E15669A46008CEE28 /* DispatchQueueLogFormatter.m in Sources */ = {isa = PBXBuildFile; fileRef = 0CFA004115669A46008CEE28 /* DispatchQueueLogFormatter.m */; };
		0CFA005F15669A46008CEE28 /* README.txt in Resources */ = {isa = PBXBuildFile; fileRef = 0CFA004215669A46008CEE28 /* README.txt */; };
		0CFAFFEC15654AFC008CEE28 /* MetricHTTPServer.m in Sources */ = {isa = PBXBuildFile; fileRef = 0CFAFFEB15654AFC008CEE28 /* MetricHTTPServer.m */; };
/* End PBXBuildFile section */

/* Begin PBXFileReference section */
		0C2504731564FE34009647F4 /* ClientData.h */ = {isa = PBXFileReference; fileEncoding = 4; lastKnownFileType = sourcecode.c.h; path = ClientData.h; sourceTree = "<group>"; };
		0C2504741564FE34009647F4 /* ClientData.m */ = {isa = PBXFileReference; fileEncoding = 4; lastKnownFileType = sourcecode.c.objc; path = ClientData.m; sourceTree = "<group>"; };
		0C3E39431557E6AD00BA33C3 /* SignpostDemoServer.app */ = {isa = PBXFileReference; explicitFileType = wrapper.application; includeInIndex = 0; path = SignpostDemoServer.app; sourceTree = BUILT_PRODUCTS_DIR; };
		0C3E39471557E6AD00BA33C3 /* Cocoa.framework */ = {isa = PBXFileReference; lastKnownFileType = wrapper.framework; name = Cocoa.framework; path = System/Library/Frameworks/Cocoa.framework; sourceTree = SDKROOT; };
		0C3E394A1557E6AD00BA33C3 /* AppKit.framework */ = {isa = PBXFileReference; lastKnownFileType = wrapper.framework; name = AppKit.framework; path = System/Library/Frameworks/AppKit.framework; sourceTree = SDKROOT; };
		0C3E394B1557E6AD00BA33C3 /* CoreData.framework */ = {isa = PBXFileReference; lastKnownFileType = wrapper.framework; name = CoreData.framework; path = System/Library/Frameworks/CoreData.framework; sourceTree = SDKROOT; };
		0C3E394C1557E6AD00BA33C3 /* Foundation.framework */ = {isa = PBXFileReference; lastKnownFileType = wrapper.framework; name = Foundation.framework; path = System/Library/Frameworks/Foundation.framework; sourceTree = SDKROOT; };
		0C3E394F1557E6AD00BA33C3 /* SignpostDemoServer-Info.plist */ = {isa = PBXFileReference; lastKnownFileType = text.plist.xml; path = "SignpostDemoServer-Info.plist"; sourceTree = "<group>"; };
		0C3E39511557E6AD00BA33C3 /* en */ = {isa = PBXFileReference; lastKnownFileType = text.plist.strings; name = en; path = en.lproj/InfoPlist.strings; sourceTree = "<group>"; };
		0C3E39531557E6AD00BA33C3 /* main.m */ = {isa = PBXFileReference; lastKnownFileType = sourcecode.c.objc; path = main.m; sourceTree = "<group>"; };
		0C3E39551557E6AD00BA33C3 /* SignpostDemoServer-Prefix.pch */ = {isa = PBXFileReference; lastKnownFileType = sourcecode.c.h; path = "SignpostDemoServer-Prefix.pch"; sourceTree = "<group>"; };
		0C3E39571557E6AD00BA33C3 /* en */ = {isa = PBXFileReference; lastKnownFileType = text.rtf; name = en; path = en.lproj/Credits.rtf; sourceTree = "<group>"; };
		0C3E39851557E6F200BA33C3 /* SignpostDemoServerAppDelegate.h */ = {isa = PBXFileReference; fileEncoding = 4; lastKnownFileType = sourcecode.c.h; path = SignpostDemoServerAppDelegate.h; sourceTree = "<group>"; };
		0C3E39861557E6F200BA33C3 /* SignpostDemoServerAppDelegate.m */ = {isa = PBXFileReference; fileEncoding = 4; lastKnownFileType = sourcecode.c.objc; path = SignpostDemoServerAppDelegate.m; sourceTree = "<group>"; };
		0C3E398C1557E72E00BA33C3 /* Security.framework */ = {isa = PBXFileReference; lastKnownFileType = wrapper.framework; name = Security.framework; path = System/Library/Frameworks/Security.framework; sourceTree = SDKROOT; };
		0C3E398F1557E80B00BA33C3 /* en */ = {isa = PBXFileReference; lastKnownFileType = file.xib; name = en; path = en.lproj/MainMenu.xib; sourceTree = "<group>"; };
		0CF5E74215669F4800C6803F /* SharedCode.h */ = {isa = PBXFileReference; fileEncoding = 4; lastKnownFileType = sourcecode.c.h; name = SharedCode.h; path = ../../SharedCode/SharedCode.h; sourceTree = "<group>"; };
		0CF5E74315669F4800C6803F /* SharedCode.m */ = {isa = PBXFileReference; fileEncoding = 4; lastKnownFileType = sourcecode.c.objc; name = SharedCode.m; path = ../../SharedCode/SharedCode.m; sourceTree = "<group>"; };
		0CF5E74515669F5200C6803F /* ServerSocketHandler.h */ = {isa = PBXFileReference; fileEncoding = 4; lastKnownFileType = sourcecode.c.h; name = ServerSocketHandler.h; path = ../../SharedCode/ServerSocketHandler.h; sourceTree = "<group>"; };
		0CF5E74615669F5200C6803F /* ServerSocketHandler.m */ = {isa = PBXFileReference; fileEncoding = 4; lastKnownFileType = sourcecode.c.objc; name = ServerSocketHandler.m; path = ../../SharedCode/ServerSocketHandler.m; sourceTree = "<group>"; };
		0CFA000315669A46008CEE28 /* GCDAsyncSocket.h */ = {isa = PBXFileReference; fileEncoding = 4; lastKnownFileType = sourcecode.c.h; path = GCDAsyncSocket.h; sourceTree = "<group>"; };
		0CFA000415669A46008CEE28 /* GCDAsyncSocket.m */ = {isa = PBXFileReference; fileEncoding = 4; lastKnownFileType = sourcecode.c.objc; path = GCDAsyncSocket.m; sourceTree = "<group>"; };
		0CFA000515669A46008CEE28 /* GCDAsyncUdpSocket.h */ = {isa = PBXFileReference; fileEncoding = 4; lastKnownFileType = sourcecode.c.h; path = GCDAsyncUdpSocket.h; sourceTree = "<group>"; };
		0CFA000615669A46008CEE28 /* GCDAsyncUdpSocket.m */ = {isa = PBXFileReference; fileEncoding = 4; lastKnownFileType = sourcecode.c.objc; path = GCDAsyncUdpSocket.m; sourceTree = "<group>"; };
		0CFA000915669A46008CEE28 /* DDData.h */ = {isa = PBXFileReference; fileEncoding = 4; lastKnownFileType = sourcecode.c.h; path = DDData.h; sourceTree = "<group>"; };
		0CFA000A15669A46008CEE28 /* DDData.m */ = {isa = PBXFileReference; fileEncoding = 4; lastKnownFileType = sourcecode.c.objc; path = DDData.m; sourceTree = "<group>"; };
		0CFA000B15669A46008CEE28 /* DDNumber.h */ = {isa = PBXFileReference; fileEncoding = 4; lastKnownFileType = sourcecode.c.h; path = DDNumber.h; sourceTree = "<group>"; };
		0CFA000C15669A46008CEE28 /* DDNumber.m */ = {isa = PBXFileReference; fileEncoding = 4; lastKnownFileType = sourcecode.c.objc; path = DDNumber.m; sourceTree = "<group>"; };
		0CFA000D15669A46008CEE28 /* DDRange.h */ = {isa = PBXFileReference; fileEncoding = 4; lastKnownFileType = sourcecode.c.h; path = DDRange.h; sourceTree = "<group>"; };
		0CFA000E15669A46008CEE28 /* DDRange.m */ = {isa = PBXFileReference; fileEncoding = 4; lastKnownFileType = sourcecode.c.objc; path = DDRange.m; sourceTree = "<group>"; };
		0CFA000F15669A46008CEE28 /* HTTPAuthenticationRequest.h */ = {isa = PBXFileReference; fileEncoding = 4; lastKnownFileType = sourcecode.c.h; path = HTTPAuthenticationRequest.h; sourceTree = "<group>"; };
		0CFA001015669A46008CEE28 /* HTTPAuthenticationRequest.m */ = {isa = PBXFileReference; fileEncoding = 4; lastKnownFileType = sourcecode.c.objc; path = HTTPAuthenticationRequest.m; sourceTree = "<group>"; };
		0CFA001115669A46008CEE28 /* HTTPConnection.h */ = {isa = PBXFileReference; fileEncoding = 4; lastKnownFileType = sourcecode.c.h; path = HTTPConnection.h; sourceTree = "<group>"; };
		0CFA001215669A46008CEE28 /* HTTPConnection.m */ = {isa = PBXFileReference; fileEncoding = 4; lastKnownFileType = sourcecode.c.objc; path = HTTPConnection.m; sourceTree = "<group>"; };
		0CFA001315669A46008CEE28 /* HTTPLogging.h */ = {isa = PBXFileReference; fileEncoding = 4; lastKnownFileType = sourcecode.c.h; path = HTTPLogging.h; sourceTree = "<group>"; };
		0CFA001415669A46008CEE28 /* HTTPMessage.h */ = {isa = PBXFileReference; fileEncoding = 4; lastKnownFileType = sourcecode.c.h; path = HTTPMessage.h; sourceTree = "<group>"; };
		0CFA001515669A46008CEE28 /* HTTPMessage.m */ = {isa = PBXFileReference; fileEncoding = 4; lastKnownFileType = sourcecode.c.objc; path = HTTPMessage.m; sourceTree = "<group>"; };
		0CFA001615669A46008CEE28 /* HTTPResponse.h */ = {isa = PBXFileReference; fileEncoding = 4; lastKnownFileType = sourcecode.c.h; path = HTTPResponse.h; sourceTree = "<group>"; };
		0CFA001715669A46008CEE28 /* HTTPServer.h */ = {isa = PBXFileReference; fileEncoding = 4; lastKnownFileType = sourcecode.c.h; path = HTTPServer.h; sourceTree = "<group>"; };
		0CFA001815669A46008CEE28 /* HTTPServer.m */ = {isa = PBXFileReference; fileEncoding = 4; lastKnownFileType = sourcecode.c.objc; path = HTTPServer.m; sourceTree = "<group>"; };
		0CFA001A15669A46008CEE28 /* MultipartFormDataParser.h */ = {isa = PBXFileReference; fileEncoding = 4; lastKnownFileType = sourcecode.c.h; path = MultipartFormDataParser.h; sourceTree = "<group>"; };
		0CFA001B15669A46008CEE28 /* MultipartFormDataParser.m */ = {isa = PBXFileReference; fileEncoding = 4; lastKnownFileType = sourcecode.c.objc; path = MultipartFormDataParser.m; sourceTree = "<group>"; };
		0CFA001C15669A46008CEE28 /* MultipartMessageHeader.h */ = {isa = PBXFileReference; fileEncoding = 4; lastKnownFileType = sourcecode.c.h; path = MultipartMessageHeader.h; sourceTree = "<group>"; };
		0CFA001D15669A46008CEE28 /* MultipartMessageHeader.m */ = {isa = PBXFileReference; fileEncoding = 4; lastKnownFileType = sourcecode.c.objc; path = MultipartMessageHeader.m; sourceTree = "<group>"; };
		0CFA001E15669A46008CEE28 /* MultipartMessageHeaderField.h */ = {isa = PBXFileReference; fileEncoding = 4; lastKnownFileType = sourcecode.c.h; path = MultipartMessageHeaderField.h; sourceTree = "<group>"; };
		0CFA001F15669A46008CEE28 /* MultipartMessageHeaderField.m */ = {isa = PBXFileReference; fileEncoding = 4; lastKnownFileType = sourcecode.c.objc; path = MultipartMessageHeaderField.m; sourceTree = "<group>"; };
		0CFA002015669A46008CEE28 /* NetworkData.h */ = {isa = PBXFileReference; fileEncoding = 4; lastKnownFileType = sourcecode.c.h; path = NetworkData.h; sourceTree = "<group>"; };
		0CFA002115669A46008CEE28 /* NetworkData.m */ = {isa = PBXFileReference; fileEncoding = 4; lastKnownFileType = sourcecode.c.objc; path = NetworkData.m; sourceTree = "<group>"; };
		0CFA002215669A46008CEE28 /* PacketHelper.h */ = {isa = PBXFileReference; fileEncoding = 4; lastKnownFileType = sourcecode.c.h; path = PacketHelper.h; sourceTree = "<group>"; };
		0CFA002315669A46008CEE28 /* PacketHelper.m */ = {isa = PBXFileReference; fileEncoding = 4; lastKnownFileType = sourcecode.c.objc; path = PacketHelper.m; sourceTree = "<group>"; };
		0CFA002515669A46008CEE28 /* HTTPAsyncFileResponse.h */ = {isa = PBXFileReference; fileEncoding = 4; lastKnownFileType = sourcecode.c.h; path = HTTPAsyncFileResponse.h; sourceTree = "<group>"; };
		0CFA002615669A46008CEE28 /* HTTPAsyncFileResponse.m */ = {isa = PBXFileReference; fileEncoding = 4; lastKnownFileType = sourcecode.c.objc; path = HTTPAsyncFileResponse.m; sourceTree = "<group>"; };
		0CFA002715669A46008CEE28 /* HTTPDataResponse.h */ = {isa = PBXFileReference; fileEncoding = 4; lastKnownFileType = sourcecode.c.h; path = HTTPDataResponse.h; sourceTree = "<group>"; };
		0CFA002815669A46008CEE28 /* HTTPDataResponse.m */ = {isa = PBXFileReference; fileEncoding = 4; lastKnownFileType = sourcecode.c.objc; path = HTTPDataResponse.m; sourceTree = "<group>"; };
		0CFA002915669A46008CEE28 /* HTTPDynamicFileResponse.h */ = {isa = PBXFileReference; fileEncoding = 4; lastKnownFileType = sourcecode.c.h; path = HTTPDynamicFileResponse.h; sourceTree = "<group>"; };
		0CFA002A15669A46008CEE28 /* HTTPDynamicFileResponse.m */ = {isa = PBXFileReference; fileEncoding = 4; lastKnownFileType = sourcecode.c.objc; path = HTTPDynamicFileResponse.m; sourceTree = "<group>"; };
		0CFA002B15669A46008CEE28 /* HTTPFileResponse.h */ = {isa = PBXFileReference; fileEncoding = 4; lastKnownFileType = sourcecode.c.h; path = HTTPFileResponse.h; sourceTree = "<group>"; };
		0CFA002C15669A46008CEE28 /* HTTPFileResponse.m */ = {isa = PBXFileReference; fileEncoding = 4; lastKnownFileType = sourcecode.c.objc; path = HTTPFileResponse.m; sourceTree = "<group>"; };
		0CFA002D15669A46008CEE28 /* HTTPRedirectResponse.h */ = {isa = PBXFileReference; fileEncoding = 4; lastKnownFileType = sourcecode.c.h; path = HTTPRedirectResponse.h; sourceTree = "<group>"; };
		0CFA002E15669A46008CEE28 /* HTTPRedirectResponse.m */ = {isa = PBXFileReference; fileEncoding = 4; lastKnownFileType = sourcecode.c.objc; path = HTTPRedirectResponse.m; sourceTree = "<group>"; };
		0CFA002F15669A46008CEE28 /* WebSocket.h */ = {isa = PBXFileReference; fileEncoding = 4; lastKnownFileType = sourcecode.c.h; path = WebSocket.h; sourceTree = "<group>"; };
		0CFA003015669A46008CEE28 /* WebSocket.m */ = {isa = PBXFileReference; fileEncoding = 4; lastKnownFileType = sourcecode.c.objc; path = WebSocket.m; sourceTree = "<group>"; };
		0CFA003215669A46008CEE28 /* About.txt */ = {isa = PBXFileReference; fileEncoding = 4; lastKnownFileType = text; path = About.txt; sourceTree = "<group>"; };
		0CFA003315669A46008CEE28 /* DDAbstractDatabaseLogger.h */ = {isa = PBXFileReference; fileEncoding = 4; lastKnownFileType = sourcecode.c.h; path = DDAbstractDatabaseLogger.h; sourceTree = "<group>"; };
		0CFA003415669A46008CEE28 /* DDAbstractDatabaseLogger.m */ = {isa = PBXFileReference; fileEncoding = 4; lastKnownFileType = sourcecode.c.objc; path = DDAbstractDatabaseLogger.m; sourceTree = "<group>"; };
		0CFA003515669A46008CEE28 /* DDASLLogger.h */ = {isa = PBXFileReference; fileEncoding = 4; lastKnownFileType = sourcecode.c.h; path = DDASLLogger.h; sourceTree = "<group>"; };
		0CFA003615669A46008CEE28 /* DDASLLogger.m */ = {isa = PBXFileReference; fileEncoding = 4; lastKnownFileType = sourcecode.c.objc; path = DDASLLogger.m; sourceTree = "<group>"; };
		0CFA003715669A46008CEE28 /* DDFileLogger.h */ = {isa = PBXFileReference; fileEncoding = 4; lastKnownFileType = sourcecode.c.h; path = DDFileLogger.h; sourceTree = "<group>"; };
		0CFA003815669A46008CEE28 /* DDFileLogger.m */ = {isa = PBXFileReference; fileEncoding = 4; lastKnownFileType = sourcecode.c.objc; path = DDFileLogger.m; sourceTree = "<group>"; };
		0CFA003915669A46008CEE28 /* DDLog.h */ = {isa = PBXFileReference; fileEncoding = 4; lastKnownFileType = sourcecode.c.h; path = DDLog.h; sourceTree = "<group>"; };
		0CFA003A15669A46008CEE28 /* DDLog.m */ = {isa = PBXFileReference; fileEncoding = 4; lastKnownFileType = sourcecode.c.objc; path = DDLog.m; sourceTree = "<group>"; };
		0CFA003B15669A46008CEE28 /* DDTTYLogger.h */ = {isa = PBXFileReference; fileEncoding = 4; lastKnownFileType = sourcecode.c.h; path = DDTTYLogger.h; sourceTree = "<group>"; };
		0CFA003C15669A46008CEE28 /* DDTTYLogger.m */ = {isa = PBXFileReference; fileEncoding = 4; lastKnownFileType = sourcecode.c.objc; path = DDTTYLogger.m; sourceTree = "<group>"; };
		0CFA003E15669A46008CEE28 /* ContextFilterLogFormatter.h */ = {isa = PBXFileReference; fileEncoding = 4; lastKnownFileType = sourcecode.c.h; path = ContextFilterLogFormatter.h; sourceTree = "<group>"; };
		0CFA003F15669A46008CEE28 /* ContextFilterLogFormatter.m */ = {isa = PBXFileReference; fileEncoding = 4; lastKnownFileType = sourcecode.c.objc; path = ContextFilterLogFormatter.m; sourceTree = "<group>"; };
		0CFA004015669A46008CEE28 /* DispatchQueueLogFormatter.h */ = {isa = PBXFileReference; fileEncoding = 4; lastKnownFileType = sourcecode.c.h; path = DispatchQueueLogFormatter.h; sourceTree = "<group>"; };
		0CFA004115669A46008CEE28 /* DispatchQueueLogFormatter.m */ = {isa = PBXFileReference; fileEncoding = 4; lastKnownFileType = sourcecode.c.objc; path = DispatchQueueLogFormatter.m; sourceTree = "<group>"; };
		0CFA004215669A46008CEE28 /* README.txt */ = {isa = PBXFileReference; fileEncoding = 4; lastKnownFileType = text; path = README.txt; sourceTree = "<group>"; };
		0CFAFFEA15654AFC008CEE28 /* MetricHTTPServer.h */ = {isa = PBXFileReference; fileEncoding = 4; lastKnownFileType = sourcecode.c.h; path = MetricHTTPServer.h; sourceTree = "<group>"; };
		0CFAFFEB15654AFC008CEE28 /* MetricHTTPServer.m */ = {isa = PBXFileReference; fileEncoding = 4; lastKnownFileType = sourcecode.c.objc; path = MetricHTTPServer.m; sourceTree = "<group>"; };
/* End PBXFileReference section */

/* Begin PBXFrameworksBuildPhase section */
		0C3E39401557E6AD00BA33C3 /* Frameworks */ = {
			isa = PBXFrameworksBuildPhase;
			buildActionMask = 2147483647;
			files = (
				0C3E398D1557E72E00BA33C3 /* Security.framework in Frameworks */,
				0C3E39481557E6AD00BA33C3 /* Cocoa.framework in Frameworks */,
			);
			runOnlyForDeploymentPostprocessing = 0;
		};
/* End PBXFrameworksBuildPhase section */

/* Begin PBXGroup section */
		0C3E39381557E6AD00BA33C3 = {
			isa = PBXGroup;
			children = (
				0C3E394D1557E6AD00BA33C3 /* SignpostDemoServer */,
				0CFA000115669A21008CEE28 /* Vendor */,
				0C3E39461557E6AD00BA33C3 /* Frameworks */,
				0C3E39441557E6AD00BA33C3 /* Products */,
			);
			sourceTree = "<group>";
		};
		0C3E39441557E6AD00BA33C3 /* Products */ = {
			isa = PBXGroup;
			children = (
				0C3E39431557E6AD00BA33C3 /* SignpostDemoServer.app */,
			);
			name = Products;
			sourceTree = "<group>";
		};
		0C3E39461557E6AD00BA33C3 /* Frameworks */ = {
			isa = PBXGroup;
			children = (
				0C3E398C1557E72E00BA33C3 /* Security.framework */,
				0C3E39471557E6AD00BA33C3 /* Cocoa.framework */,
				0C3E39491557E6AD00BA33C3 /* Other Frameworks */,
			);
			name = Frameworks;
			sourceTree = "<group>";
		};
		0C3E39491557E6AD00BA33C3 /* Other Frameworks */ = {
			isa = PBXGroup;
			children = (
				0C3E394A1557E6AD00BA33C3 /* AppKit.framework */,
				0C3E394B1557E6AD00BA33C3 /* CoreData.framework */,
				0C3E394C1557E6AD00BA33C3 /* Foundation.framework */,
			);
			name = "Other Frameworks";
			sourceTree = "<group>";
		};
		0C3E394D1557E6AD00BA33C3 /* SignpostDemoServer */ = {
			isa = PBXGroup;
			children = (
				0C5C7D5D156549F500E3ADB5 /* HTTP */,
				0C2504731564FE34009647F4 /* ClientData.h */,
				0C2504741564FE34009647F4 /* ClientData.m */,
				0CF5E74215669F4800C6803F /* SharedCode.h */,
				0CF5E74315669F4800C6803F /* SharedCode.m */,
				0C3E39851557E6F200BA33C3 /* SignpostDemoServerAppDelegate.h */,
				0C3E39861557E6F200BA33C3 /* SignpostDemoServerAppDelegate.m */,
				0CF5E74515669F5200C6803F /* ServerSocketHandler.h */,
				0CF5E74615669F5200C6803F /* ServerSocketHandler.m */,
				0C3E394E1557E6AD00BA33C3 /* Supporting Files */,
			);
			path = SignpostDemoServer;
			sourceTree = "<group>";
		};
		0C3E394E1557E6AD00BA33C3 /* Supporting Files */ = {
			isa = PBXGroup;
			children = (
				0C3E398E1557E80B00BA33C3 /* MainMenu.xib */,
				0C3E394F1557E6AD00BA33C3 /* SignpostDemoServer-Info.plist */,
				0C3E39501557E6AD00BA33C3 /* InfoPlist.strings */,
				0C3E39531557E6AD00BA33C3 /* main.m */,
				0C3E39551557E6AD00BA33C3 /* SignpostDemoServer-Prefix.pch */,
				0C3E39561557E6AD00BA33C3 /* Credits.rtf */,
			);
			name = "Supporting Files";
			sourceTree = "<group>";
		};
		0C5C7D5D156549F500E3ADB5 /* HTTP */ = {
			isa = PBXGroup;
			children = (
				0CFAFFEA15654AFC008CEE28 /* MetricHTTPServer.h */,
				0CFAFFEB15654AFC008CEE28 /* MetricHTTPServer.m */,
			);
			name = HTTP;
			sourceTree = "<group>";
		};
		0CFA000115669A21008CEE28 /* Vendor */ = {
			isa = PBXGroup;
			children = (
				0CFA000215669A46008CEE28 /* CocoaAsyncSocket */,
				0CFA000715669A46008CEE28 /* CocoaHTTPServer */,
				0CFA003115669A46008CEE28 /* CocoaLumberjack */,
			);
			name = Vendor;
			sourceTree = "<group>";
		};
		0CFA000215669A46008CEE28 /* CocoaAsyncSocket */ = {
			isa = PBXGroup;
			children = (
				0CFA000315669A46008CEE28 /* GCDAsyncSocket.h */,
				0CFA000415669A46008CEE28 /* GCDAsyncSocket.m */,
				0CFA000515669A46008CEE28 /* GCDAsyncUdpSocket.h */,
				0CFA000615669A46008CEE28 /* GCDAsyncUdpSocket.m */,
			);
			name = CocoaAsyncSocket;
			path = ../Vendor/CocoaAsyncSocket;
			sourceTree = "<group>";
		};
		0CFA000715669A46008CEE28 /* CocoaHTTPServer */ = {
			isa = PBXGroup;
			children = (
				0CFA000815669A46008CEE28 /* Categories */,
				0CFA000F15669A46008CEE28 /* HTTPAuthenticationRequest.h */,
				0CFA001015669A46008CEE28 /* HTTPAuthenticationRequest.m */,
				0CFA001115669A46008CEE28 /* HTTPConnection.h */,
				0CFA001215669A46008CEE28 /* HTTPConnection.m */,
				0CFA001315669A46008CEE28 /* HTTPLogging.h */,
				0CFA001415669A46008CEE28 /* HTTPMessage.h */,
				0CFA001515669A46008CEE28 /* HTTPMessage.m */,
				0CFA001615669A46008CEE28 /* HTTPResponse.h */,
				0CFA001715669A46008CEE28 /* HTTPServer.h */,
				0CFA001815669A46008CEE28 /* HTTPServer.m */,
				0CFA001915669A46008CEE28 /* Mime */,
				0CFA002015669A46008CEE28 /* NetworkData.h */,
				0CFA002115669A46008CEE28 /* NetworkData.m */,
				0CFA002215669A46008CEE28 /* PacketHelper.h */,
				0CFA002315669A46008CEE28 /* PacketHelper.m */,
				0CFA002415669A46008CEE28 /* Responses */,
				0CFA002F15669A46008CEE28 /* WebSocket.h */,
				0CFA003015669A46008CEE28 /* WebSocket.m */,
			);
			name = CocoaHTTPServer;
			path = ../Vendor/CocoaHTTPServer;
			sourceTree = "<group>";
		};
		0CFA000815669A46008CEE28 /* Categories */ = {
			isa = PBXGroup;
			children = (
				0CFA000915669A46008CEE28 /* DDData.h */,
				0CFA000A15669A46008CEE28 /* DDData.m */,
				0CFA000B15669A46008CEE28 /* DDNumber.h */,
				0CFA000C15669A46008CEE28 /* DDNumber.m */,
				0CFA000D15669A46008CEE28 /* DDRange.h */,
				0CFA000E15669A46008CEE28 /* DDRange.m */,
			);
			path = Categories;
			sourceTree = "<group>";
		};
		0CFA001915669A46008CEE28 /* Mime */ = {
			isa = PBXGroup;
			children = (
				0CFA001A15669A46008CEE28 /* MultipartFormDataParser.h */,
				0CFA001B15669A46008CEE28 /* MultipartFormDataParser.m */,
				0CFA001C15669A46008CEE28 /* MultipartMessageHeader.h */,
				0CFA001D15669A46008CEE28 /* MultipartMessageHeader.m */,
				0CFA001E15669A46008CEE28 /* MultipartMessageHeaderField.h */,
				0CFA001F15669A46008CEE28 /* MultipartMessageHeaderField.m */,
			);
			path = Mime;
			sourceTree = "<group>";
		};
		0CFA002415669A46008CEE28 /* Responses */ = {
			isa = PBXGroup;
			children = (
				0CFA002515669A46008CEE28 /* HTTPAsyncFileResponse.h */,
				0CFA002615669A46008CEE28 /* HTTPAsyncFileResponse.m */,
				0CFA002715669A46008CEE28 /* HTTPDataResponse.h */,
				0CFA002815669A46008CEE28 /* HTTPDataResponse.m */,
				0CFA002915669A46008CEE28 /* HTTPDynamicFileResponse.h */,
				0CFA002A15669A46008CEE28 /* HTTPDynamicFileResponse.m */,
				0CFA002B15669A46008CEE28 /* HTTPFileResponse.h */,
				0CFA002C15669A46008CEE28 /* HTTPFileResponse.m */,
				0CFA002D15669A46008CEE28 /* HTTPRedirectResponse.h */,
				0CFA002E15669A46008CEE28 /* HTTPRedirectResponse.m */,
			);
			path = Responses;
			sourceTree = "<group>";
		};
		0CFA003115669A46008CEE28 /* CocoaLumberjack */ = {
			isa = PBXGroup;
			children = (
				0CFA003215669A46008CEE28 /* About.txt */,
				0CFA003315669A46008CEE28 /* DDAbstractDatabaseLogger.h */,
				0CFA003415669A46008CEE28 /* DDAbstractDatabaseLogger.m */,
				0CFA003515669A46008CEE28 /* DDASLLogger.h */,
				0CFA003615669A46008CEE28 /* DDASLLogger.m */,
				0CFA003715669A46008CEE28 /* DDFileLogger.h */,
				0CFA003815669A46008CEE28 /* DDFileLogger.m */,
				0CFA003915669A46008CEE28 /* DDLog.h */,
				0CFA003A15669A46008CEE28 /* DDLog.m */,
				0CFA003B15669A46008CEE28 /* DDTTYLogger.h */,
				0CFA003C15669A46008CEE28 /* DDTTYLogger.m */,
				0CFA003D15669A46008CEE28 /* Extensions */,
			);
			name = CocoaLumberjack;
			path = ../Vendor/CocoaLumberjack;
			sourceTree = "<group>";
		};
		0CFA003D15669A46008CEE28 /* Extensions */ = {
			isa = PBXGroup;
			children = (
				0CFA003E15669A46008CEE28 /* ContextFilterLogFormatter.h */,
				0CFA003F15669A46008CEE28 /* ContextFilterLogFormatter.m */,
				0CFA004015669A46008CEE28 /* DispatchQueueLogFormatter.h */,
				0CFA004115669A46008CEE28 /* DispatchQueueLogFormatter.m */,
				0CFA004215669A46008CEE28 /* README.txt */,
			);
			path = Extensions;
			sourceTree = "<group>";
		};
/* End PBXGroup section */

/* Begin PBXNativeTarget section */
		0C3E39421557E6AD00BA33C3 /* SignpostDemoServer */ = {
			isa = PBXNativeTarget;
			buildConfigurationList = 0C3E39611557E6AD00BA33C3 /* Build configuration list for PBXNativeTarget "SignpostDemoServer" */;
			buildPhases = (
				0C3E393F1557E6AD00BA33C3 /* Sources */,
				0C3E39401557E6AD00BA33C3 /* Frameworks */,
				0C3E39411557E6AD00BA33C3 /* Resources */,
			);
			buildRules = (
			);
			dependencies = (
			);
			name = SignpostDemoServer;
			productName = SignpostDemoServer;
			productReference = 0C3E39431557E6AD00BA33C3 /* SignpostDemoServer.app */;
			productType = "com.apple.product-type.application";
		};
/* End PBXNativeTarget section */

/* Begin PBXProject section */
		0C3E393A1557E6AD00BA33C3 /* Project object */ = {
			isa = PBXProject;
			attributes = {
				LastUpgradeCheck = 0430;
				ORGANIZATIONNAME = Kle.io;
			};
			buildConfigurationList = 0C3E393D1557E6AD00BA33C3 /* Build configuration list for PBXProject "SignpostDemoServer" */;
			compatibilityVersion = "Xcode 3.2";
			developmentRegion = English;
			hasScannedForEncodings = 0;
			knownRegions = (
				en,
			);
			mainGroup = 0C3E39381557E6AD00BA33C3;
			productRefGroup = 0C3E39441557E6AD00BA33C3 /* Products */;
			projectDirPath = "";
			projectRoot = "";
			targets = (
				0C3E39421557E6AD00BA33C3 /* SignpostDemoServer */,
			);
		};
/* End PBXProject section */

/* Begin PBXResourcesBuildPhase section */
		0C3E39411557E6AD00BA33C3 /* Resources */ = {
			isa = PBXResourcesBuildPhase;
			buildActionMask = 2147483647;
			files = (
				0C3E39521557E6AD00BA33C3 /* InfoPlist.strings in Resources */,
				0C3E39581557E6AD00BA33C3 /* Credits.rtf in Resources */,
				0C3E39901557E80B00BA33C3 /* MainMenu.xib in Resources */,
				0CFA005715669A46008CEE28 /* About.txt in Resources */,
				0CFA005F15669A46008CEE28 /* README.txt in Resources */,
			);
			runOnlyForDeploymentPostprocessing = 0;
		};
/* End PBXResourcesBuildPhase section */

/* Begin PBXSourcesBuildPhase section */
		0C3E393F1557E6AD00BA33C3 /* Sources */ = {
			isa = PBXSourcesBuildPhase;
			buildActionMask = 2147483647;
			files = (
				0C3E39541557E6AD00BA33C3 /* main.m in Sources */,
				0C3E39871557E6F200BA33C3 /* SignpostDemoServerAppDelegate.m in Sources */,
				0C2504751564FE34009647F4 /* ClientData.m in Sources */,
				0CFAFFEC15654AFC008CEE28 /* MetricHTTPServer.m in Sources */,
				0CFA004315669A46008CEE28 /* GCDAsyncSocket.m in Sources */,
				0CFA004415669A46008CEE28 /* GCDAsyncUdpSocket.m in Sources */,
				0CFA004515669A46008CEE28 /* DDData.m in Sources */,
				0CFA004615669A46008CEE28 /* DDNumber.m in Sources */,
				0CFA004715669A46008CEE28 /* DDRange.m in Sources */,
				0CFA004815669A46008CEE28 /* HTTPAuthenticationRequest.m in Sources */,
				0CFA004915669A46008CEE28 /* HTTPConnection.m in Sources */,
				0CFA004A15669A46008CEE28 /* HTTPMessage.m in Sources */,
				0CFA004B15669A46008CEE28 /* HTTPServer.m in Sources */,
				0CFA004C15669A46008CEE28 /* MultipartFormDataParser.m in Sources */,
				0CFA004D15669A46008CEE28 /* MultipartMessageHeader.m in Sources */,
				0CFA004E15669A46008CEE28 /* MultipartMessageHeaderField.m in Sources */,
				0CFA004F15669A46008CEE28 /* NetworkData.m in Sources */,
				0CFA005015669A46008CEE28 /* PacketHelper.m in Sources */,
				0CFA005115669A46008CEE28 /* HTTPAsyncFileResponse.m in Sources */,
				0CFA005215669A46008CEE28 /* HTTPDataResponse.m in Sources */,
				0CFA005315669A46008CEE28 /* HTTPDynamicFileResponse.m in Sources */,
				0CFA005415669A46008CEE28 /* HTTPFileResponse.m in Sources */,
				0CFA005515669A46008CEE28 /* HTTPRedirectResponse.m in Sources */,
				0CFA005615669A46008CEE28 /* WebSocket.m in Sources */,
				0CFA005815669A46008CEE28 /* DDAbstractDatabaseLogger.m in Sources */,
				0CFA005915669A46008CEE28 /* DDASLLogger.m in Sources */,
				0CFA005A15669A46008CEE28 /* DDFileLogger.m in Sources */,
				0CFA005B15669A46008CEE28 /* DDLog.m in Sources */,
				0CFA005C15669A46008CEE28 /* DDTTYLogger.m in Sources */,
				0CFA005D15669A46008CEE28 /* ContextFilterLogFormatter.m in Sources */,
				0CFA005E15669A46008CEE28 /* DispatchQueueLogFormatter.m in Sources */,
				0CF5E74415669F4800C6803F /* SharedCode.m in Sources */,
				0CF5E74715669F5200C6803F /* ServerSocketHandler.m in Sources */,
			);
			runOnlyForDeploymentPostprocessing = 0;
		};
/* End PBXSourcesBuildPhase section */

/* Begin PBXVariantGroup section */
		0C3E39501557E6AD00BA33C3 /* InfoPlist.strings */ = {
			isa = PBXVariantGroup;
			children = (
				0C3E39511557E6AD00BA33C3 /* en */,
			);
			name = InfoPlist.strings;
			sourceTree = "<group>";
		};
		0C3E39561557E6AD00BA33C3 /* Credits.rtf */ = {
			isa = PBXVariantGroup;
			children = (
				0C3E39571557E6AD00BA33C3 /* en */,
			);
			name = Credits.rtf;
			sourceTree = "<group>";
		};
		0C3E398E1557E80B00BA33C3 /* MainMenu.xib */ = {
			isa = PBXVariantGroup;
			children = (
				0C3E398F1557E80B00BA33C3 /* en */,
			);
			name = MainMenu.xib;
			sourceTree = "<group>";
		};
/* End PBXVariantGroup section */

/* Begin XCBuildConfiguration section */
		0C3E395F1557E6AD00BA33C3 /* Debug */ = {
			isa = XCBuildConfiguration;
			buildSettings = {
				ALWAYS_SEARCH_USER_PATHS = NO;
				ARCHS = "$(ARCHS_STANDARD_64_BIT)";
				CLANG_ENABLE_OBJC_ARC = YES;
				COPY_PHASE_STRIP = NO;
				GCC_C_LANGUAGE_STANDARD = gnu99;
				GCC_DYNAMIC_NO_PIC = NO;
				GCC_ENABLE_OBJC_EXCEPTIONS = YES;
				GCC_OPTIMIZATION_LEVEL = 0;
				GCC_PREPROCESSOR_DEFINITIONS = (
					"DEBUG=1",
					"$(inherited)",
				);
				GCC_SYMBOLS_PRIVATE_EXTERN = NO;
				GCC_VERSION = com.apple.compilers.llvm.clang.1_0;
				GCC_WARN_64_TO_32_BIT_CONVERSION = YES;
				GCC_WARN_ABOUT_RETURN_TYPE = YES;
				GCC_WARN_UNINITIALIZED_AUTOS = YES;
				GCC_WARN_UNUSED_VARIABLE = YES;
				MACOSX_DEPLOYMENT_TARGET = 10.7;
				ONLY_ACTIVE_ARCH = YES;
				SDKROOT = macosx;
			};
			name = Debug;
		};
		0C3E39601557E6AD00BA33C3 /* Release */ = {
			isa = XCBuildConfiguration;
			buildSettings = {
				ALWAYS_SEARCH_USER_PATHS = NO;
				ARCHS = "$(ARCHS_STANDARD_64_BIT)";
				CLANG_ENABLE_OBJC_ARC = YES;
				COPY_PHASE_STRIP = YES;
				DEBUG_INFORMATION_FORMAT = "dwarf-with-dsym";
				GCC_C_LANGUAGE_STANDARD = gnu99;
				GCC_ENABLE_OBJC_EXCEPTIONS = YES;
				GCC_VERSION = com.apple.compilers.llvm.clang.1_0;
				GCC_WARN_64_TO_32_BIT_CONVERSION = YES;
				GCC_WARN_ABOUT_RETURN_TYPE = YES;
				GCC_WARN_UNINITIALIZED_AUTOS = YES;
				GCC_WARN_UNUSED_VARIABLE = YES;
				MACOSX_DEPLOYMENT_TARGET = 10.7;
				SDKROOT = macosx;
			};
			name = Release;
		};
		0C3E39621557E6AD00BA33C3 /* Debug */ = {
			isa = XCBuildConfiguration;
			buildSettings = {
				GCC_PRECOMPILE_PREFIX_HEADER = YES;
				GCC_PREFIX_HEADER = "SignpostDemoServer/SignpostDemoServer-Prefix.pch";
				INFOPLIST_FILE = "SignpostDemoServer/SignpostDemoServer-Info.plist";
				MACOSX_DEPLOYMENT_TARGET = 10.7;
				PRODUCT_NAME = "$(TARGET_NAME)";
				SDKROOT = macosx;
				WRAPPER_EXTENSION = app;
			};
			name = Debug;
		};
		0C3E39631557E6AD00BA33C3 /* Release */ = {
			isa = XCBuildConfiguration;
			buildSettings = {
				GCC_PRECOMPILE_PREFIX_HEADER = YES;
				GCC_PREFIX_HEADER = "SignpostDemoServer/SignpostDemoServer-Prefix.pch";
				INFOPLIST_FILE = "SignpostDemoServer/SignpostDemoServer-Info.plist";
				MACOSX_DEPLOYMENT_TARGET = 10.7;
				PRODUCT_NAME = "$(TARGET_NAME)";
				SDKROOT = macosx;
				WRAPPER_EXTENSION = app;
			};
			name = Release;
		};
/* End XCBuildConfiguration section */

/* Begin XCConfigurationList section */
		0C3E393D1557E6AD00BA33C3 /* Build configuration list for PBXProject "SignpostDemoServer" */ = {
			isa = XCConfigurationList;
			buildConfigurations = (
				0C3E395F1557E6AD00BA33C3 /* Debug */,
				0C3E39601557E6AD00BA33C3 /* Release */,
			);
			defaultConfigurationIsVisible = 0;
			defaultConfigurationName = Release;
		};
		0C3E39611557E6AD00BA33C3 /* Build configuration list for PBXNativeTarget "SignpostDemoServer" */ = {
			isa = XCConfigurationList;
			buildConfigurations = (
				0C3E39621557E6AD00BA33C3 /* Debug */,
				0C3E39631557E6AD00BA33C3 /* Release */,
			);
			defaultConfigurationIsVisible = 0;
			defaultConfigurationName = Release;
		};
/* End XCConfigurationList section */
	};
	rootObject = 0C3E393A1557E6AD00BA33C3 /* Project object */;
}
